
Microsoft Visual Studio Solution File, Format Version 12.00
# Visual Studio Version 17
VisualStudioVersion = 17.0.31903.59
MinimumVisualStudioVersion = 10.0.40219.1
Project("{FAE04EC0-301F-11D3-BF4B-00C04F79EFBC}") = "DemoCore", "DemoCore\DemoCore.csproj", "{6B2567B3-924F-49FA-9699-3494BDC8D0AD}"
EndProject
Project("{FAE04EC0-301F-11D3-BF4B-00C04F79EFBC}") = "DemoTest", "DemoTest\DemoTest.csproj", "{376FABA7-3480-482B-977D-331F9FB9AD9C}"
EndProject
Global
	GlobalSection(SolutionConfigurationPlatforms) = preSolution
		Debug|Any CPU = Debug|Any CPU
		Release|Any CPU = Release|Any CPU
	EndGlobalSection
	GlobalSection(SolutionProperties) = preSolution
		HideSolutionNode = FALSE
	EndGlobalSection
	GlobalSection(ProjectConfigurationPlatforms) = postSolution
		{6B2567B3-924F-49FA-9699-3494BDC8D0AD}.Debug|Any CPU.ActiveCfg = Debug|Any CPU
		{6B2567B3-924F-49FA-9699-3494BDC8D0AD}.Debug|Any CPU.Build.0 = Debug|Any CPU
		{6B2567B3-924F-49FA-9699-3494BDC8D0AD}.Release|Any CPU.ActiveCfg = Release|Any CPU
		{6B2567B3-924F-49FA-9699-3494BDC8D0AD}.Release|Any CPU.Build.0 = Release|Any CPU
		{376FABA7-3480-482B-977D-331F9FB9AD9C}.Debug|Any CPU.ActiveCfg = Debug|Any CPU
		{376FABA7-3480-482B-977D-331F9FB9AD9C}.Debug|Any CPU.Build.0 = Debug|Any CPU
		{376FABA7-3480-482B-977D-331F9FB9AD9C}.Release|Any CPU.ActiveCfg = Release|Any CPU
		{376FABA7-3480-482B-977D-331F9FB9AD9C}.Release|Any CPU.Build.0 = Release|Any CPU
	EndGlobalSection
EndGlobal
